// !$*UTF8*$!
{
	archiveVersion = 1;
	classes = {
	};
	objectVersion = 77;
	objects = {

/* Begin PBXBuildFile section */
		C80E3D722DC3CBD900FB2C9C /* Lushy.xcdatamodeld in Sources */ = {isa = PBXBuildFile; fileRef = C80E3D702DC3CBD900FB2C9C /* Lushy.xcdatamodeld */; };
/* End PBXBuildFile section */

/* Begin PBXContainerItemProxy section */
		C80E3D0E2DC3CAB000FB2C9C /* PBXContainerItemProxy */ = {
			isa = PBXContainerItemProxy;
			containerPortal = C80E3CF82DC3CAAD00FB2C9C /* Project object */;
			proxyType = 1;
			remoteGlobalIDString = C80E3CFF2DC3CAAD00FB2C9C;
			remoteInfo = Lushy;
		};
		C80E3D182DC3CAB000FB2C9C /* PBXContainerItemProxy */ = {
			isa = PBXContainerItemProxy;
			containerPortal = C80E3CF82DC3CAAD00FB2C9C /* Project object */;
			proxyType = 1;
			remoteGlobalIDString = C80E3CFF2DC3CAAD00FB2C9C;
			remoteInfo = Lushy;
		};
/* End PBXContainerItemProxy section */

/* Begin PBXFileReference section */
		C80E3D712DC3CBD900FB2C9C /* Lushy.xcdatamodel */ = {isa = PBXFileReference; lastKnownFileType = wrapper.xcdatamodel; path = Lushy.xcdatamodel; sourceTree = "<group>"; };
		C82FC4312DD107D800B5AD7E /* Lushy.app */ = {isa = PBXFileReference; explicitFileType = wrapper.application; includeInIndex = 0; path = Lushy.app; sourceTree = BUILT_PRODUCTS_DIR; };
		C82FC4322DD107D800B5AD7E /* LushyTests.xctest */ = {isa = PBXFileReference; explicitFileType = wrapper.cfbundle; includeInIndex = 0; path = LushyTests.xctest; sourceTree = BUILT_PRODUCTS_DIR; };
		C82FC4332DD107D800B5AD7E /* LushyUITests.xctest */ = {isa = PBXFileReference; explicitFileType = wrapper.cfbundle; includeInIndex = 0; path = LushyUITests.xctest; sourceTree = BUILT_PRODUCTS_DIR; };
/* End PBXFileReference section */

/* Begin PBXFileSystemSynchronizedBuildFileExceptionSet section */
		C8E1483B2DC62060000B947D /* Exceptions for "Lushy" folder in "Lushy" target */ = {
			isa = PBXFileSystemSynchronizedBuildFileExceptionSet;
			membershipExceptions = (
				Info.plist,
			);
			target = C80E3CFF2DC3CAAD00FB2C9C /* Lushy */;
		};
/* End PBXFileSystemSynchronizedBuildFileExceptionSet section */

/* Begin PBXFileSystemSynchronizedRootGroup section */
		C80E3D022DC3CAAD00FB2C9C /* Lushy */ = {
			isa = PBXFileSystemSynchronizedRootGroup;
			exceptions = (
				C8E1483B2DC62060000B947D /* Exceptions for "Lushy" folder in "Lushy" target */,
			);
			path = Lushy;
			sourceTree = "<group>";
		};
		C80E3D102DC3CAB000FB2C9C /* LushyTests */ = {
			isa = PBXFileSystemSynchronizedRootGroup;
			path = LushyTests;
			sourceTree = "<group>";
		};
		C80E3D1A2DC3CAB000FB2C9C /* LushyUITests */ = {
			isa = PBXFileSystemSynchronizedRootGroup;
			path = LushyUITests;
			sourceTree = "<group>";
		};
/* End PBXFileSystemSynchronizedRootGroup section */

/* Begin PBXFrameworksBuildPhase section */
		C80E3CFD2DC3CAAD00FB2C9C /* Frameworks */ = {
			isa = PBXFrameworksBuildPhase;
			buildActionMask = 2147483647;
			files = (
			);
			runOnlyForDeploymentPostprocessing = 0;
		};
		C80E3D0A2DC3CAB000FB2C9C /* Frameworks */ = {
			isa = PBXFrameworksBuildPhase;
			buildActionMask = 2147483647;
			files = (
			);
			runOnlyForDeploymentPostprocessing = 0;
		};
		C80E3D142DC3CAB000FB2C9C /* Frameworks */ = {
			isa = PBXFrameworksBuildPhase;
			buildActionMask = 2147483647;
			files = (
			);
			runOnlyForDeploymentPostprocessing = 0;
		};
/* End PBXFrameworksBuildPhase section */

/* Begin PBXGroup section */
		C80E3CF72DC3CAAD00FB2C9C = {
			isa = PBXGroup;
			children = (
				C80E3D022DC3CAAD00FB2C9C /* Lushy */,
				C80E3D102DC3CAB000FB2C9C /* LushyTests */,
				C80E3D1A2DC3CAB000FB2C9C /* LushyUITests */,
				C80E3D702DC3CBD900FB2C9C /* Lushy.xcdatamodeld */,
				C82FC4312DD107D800B5AD7E /* Lushy.app */,
				C82FC4322DD107D800B5AD7E /* LushyTests.xctest */,
				C82FC4332DD107D800B5AD7E /* LushyUITests.xctest */,
			);
			sourceTree = "<group>";
		};
/* End PBXGroup section */

/* Begin PBXNativeTarget section */
		C80E3CFF2DC3CAAD00FB2C9C /* Lushy */ = {
			isa = PBXNativeTarget;
			buildConfigurationList = C80E3D212DC3CAB000FB2C9C /* Build configuration list for PBXNativeTarget "Lushy" */;
			buildPhases = (
				C80E3CFC2DC3CAAD00FB2C9C /* Sources */,
				C80E3CFD2DC3CAAD00FB2C9C /* Frameworks */,
				C80E3CFE2DC3CAAD00FB2C9C /* Resources */,
			);
			buildRules = (
			);
			dependencies = (
			);
			fileSystemSynchronizedGroups = (
				C80E3D022DC3CAAD00FB2C9C /* Lushy */,
			);
			name = Lushy;
			packageProductDependencies = (
			);
			productName = Lushy;
			productReference = C82FC4312DD107D800B5AD7E /* Lushy.app */;
			productType = "com.apple.product-type.application";
		};
		C80E3D0C2DC3CAB000FB2C9C /* LushyTests */ = {
			isa = PBXNativeTarget;
			buildConfigurationList = C80E3D242DC3CAB000FB2C9C /* Build configuration list for PBXNativeTarget "LushyTests" */;
			buildPhases = (
				C80E3D092DC3CAB000FB2C9C /* Sources */,
				C80E3D0A2DC3CAB000FB2C9C /* Frameworks */,
				C80E3D0B2DC3CAB000FB2C9C /* Resources */,
			);
			buildRules = (
			);
			dependencies = (
				C80E3D0F2DC3CAB000FB2C9C /* PBXTargetDependency */,
			);
			fileSystemSynchronizedGroups = (
				C80E3D102DC3CAB000FB2C9C /* LushyTests */,
			);
			name = LushyTests;
			packageProductDependencies = (
			);
			productName = LushyTests;
			productReference = C82FC4322DD107D800B5AD7E /* LushyTests.xctest */;
			productType = "com.apple.product-type.bundle.unit-test";
		};
		C80E3D162DC3CAB000FB2C9C /* LushyUITests */ = {
			isa = PBXNativeTarget;
			buildConfigurationList = C80E3D272DC3CAB000FB2C9C /* Build configuration list for PBXNativeTarget "LushyUITests" */;
			buildPhases = (
				C80E3D132DC3CAB000FB2C9C /* Sources */,
				C80E3D142DC3CAB000FB2C9C /* Frameworks */,
				C80E3D152DC3CAB000FB2C9C /* Resources */,
			);
			buildRules = (
			);
			dependencies = (
				C80E3D192DC3CAB000FB2C9C /* PBXTargetDependency */,
			);
			fileSystemSynchronizedGroups = (
				C80E3D1A2DC3CAB000FB2C9C /* LushyUITests */,
			);
			name = LushyUITests;
			packageProductDependencies = (
			);
			productName = LushyUITests;
			productReference = C82FC4332DD107D800B5AD7E /* LushyUITests.xctest */;
			productType = "com.apple.product-type.bundle.ui-testing";
		};
/* End PBXNativeTarget section */

/* Begin PBXProject section */
		C80E3CF82DC3CAAD00FB2C9C /* Project object */ = {
			isa = PBXProject;
			attributes = {
				BuildIndependentTargetsInParallel = 1;
				LastSwiftUpdateCheck = 1630;
				LastUpgradeCheck = 1630;
				TargetAttributes = {
					C80E3CFF2DC3CAAD00FB2C9C = {
						CreatedOnToolsVersion = 16.3;
					};
					C80E3D0C2DC3CAB000FB2C9C = {
						CreatedOnToolsVersion = 16.3;
						TestTargetID = C80E3CFF2DC3CAAD00FB2C9C;
					};
					C80E3D162DC3CAB000FB2C9C = {
						CreatedOnToolsVersion = 16.3;
						TestTargetID = C80E3CFF2DC3CAAD00FB2C9C;
					};
				};
			};
			buildConfigurationList = C80E3CFB2DC3CAAD00FB2C9C /* Build configuration list for PBXProject "Lushy" */;
			developmentRegion = en;
			hasScannedForEncodings = 0;
			knownRegions = (
				en,
				Base,
			);
			mainGroup = C80E3CF72DC3CAAD00FB2C9C;
			minimizedProjectReferenceProxies = 1;
			packageReferences = (
			);
			preferredProjectObjectVersion = 77;
			productRefGroup = C80E3CF72DC3CAAD00FB2C9C;
			projectDirPath = "";
			projectRoot = "";
			targets = (
				C80E3CFF2DC3CAAD00FB2C9C /* Lushy */,
				C80E3D0C2DC3CAB000FB2C9C /* LushyTests */,
				C80E3D162DC3CAB000FB2C9C /* LushyUITests */,
			);
		};
/* End PBXProject section */

/* Begin PBXResourcesBuildPhase section */
		C80E3CFE2DC3CAAD00FB2C9C /* Resources */ = {
			isa = PBXResourcesBuildPhase;
			buildActionMask = 2147483647;
			files = (
			);
			runOnlyForDeploymentPostprocessing = 0;
		};
		C80E3D0B2DC3CAB000FB2C9C /* Resources */ = {
			isa = PBXResourcesBuildPhase;
			buildActionMask = 2147483647;
			files = (
			);
			runOnlyForDeploymentPostprocessing = 0;
		};
		C80E3D152DC3CAB000FB2C9C /* Resources */ = {
			isa = PBXResourcesBuildPhase;
			buildActionMask = 2147483647;
			files = (
			);
			runOnlyForDeploymentPostprocessing = 0;
		};
/* End PBXResourcesBuildPhase section */

/* Begin PBXSourcesBuildPhase section */
		C80E3CFC2DC3CAAD00FB2C9C /* Sources */ = {
			isa = PBXSourcesBuildPhase;
			buildActionMask = 2147483647;
			files = (
				C80E3D722DC3CBD900FB2C9C /* Lushy.xcdatamodeld in Sources */,
			);
			runOnlyForDeploymentPostprocessing = 0;
		};
		C80E3D092DC3CAB000FB2C9C /* Sources */ = {
			isa = PBXSourcesBuildPhase;
			buildActionMask = 2147483647;
			files = (
			);
			runOnlyForDeploymentPostprocessing = 0;
		};
		C80E3D132DC3CAB000FB2C9C /* Sources */ = {
			isa = PBXSourcesBuildPhase;
			buildActionMask = 2147483647;
			files = (
			);
			runOnlyForDeploymentPostprocessing = 0;
		};
/* End PBXSourcesBuildPhase section */

/* Begin PBXTargetDependency section */
		C80E3D0F2DC3CAB000FB2C9C /* PBXTargetDependency */ = {
			isa = PBXTargetDependency;
			target = C80E3CFF2DC3CAAD00FB2C9C /* Lushy */;
			targetProxy = C80E3D0E2DC3CAB000FB2C9C /* PBXContainerItemProxy */;
		};
		C80E3D192DC3CAB000FB2C9C /* PBXTargetDependency */ = {
			isa = PBXTargetDependency;
			target = C80E3CFF2DC3CAAD00FB2C9C /* Lushy */;
			targetProxy = C80E3D182DC3CAB000FB2C9C /* PBXContainerItemProxy */;
		};
/* End PBXTargetDependency section */

/* Begin XCBuildConfiguration section */
		C80E3D1F2DC3CAB000FB2C9C /* Debug */ = {
			isa = XCBuildConfiguration;
			buildSettings = {
				ALWAYS_SEARCH_USER_PATHS = NO;
				ASSETCATALOG_COMPILER_GENERATE_SWIFT_ASSET_SYMBOL_EXTENSIONS = YES;
				CLANG_ANALYZER_NONNULL = YES;
				CLANG_ANALYZER_NUMBER_OBJECT_CONVERSION = YES_AGGRESSIVE;
				CLANG_CXX_LANGUAGE_STANDARD = "gnu++20";
				CLANG_ENABLE_MODULES = YES;
				CLANG_ENABLE_OBJC_ARC = YES;
				CLANG_ENABLE_OBJC_WEAK = YES;
				CLANG_WARN_BLOCK_CAPTURE_AUTORELEASING = YES;
				CLANG_WARN_BOOL_CONVERSION = YES;
				CLANG_WARN_COMMA = YES;
				CLANG_WARN_CONSTANT_CONVERSION = YES;
				CLANG_WARN_DEPRECATED_OBJC_IMPLEMENTATIONS = YES;
				CLANG_WARN_DIRECT_OBJC_ISA_USAGE = YES_ERROR;
				CLANG_WARN_DOCUMENTATION_COMMENTS = YES;
				CLANG_WARN_EMPTY_BODY = YES;
				CLANG_WARN_ENUM_CONVERSION = YES;
				CLANG_WARN_INFINITE_RECURSION = YES;
				CLANG_WARN_INT_CONVERSION = YES;
				CLANG_WARN_NON_LITERAL_NULL_CONVERSION = YES;
				CLANG_WARN_OBJC_IMPLICIT_RETAIN_SELF = YES;
				CLANG_WARN_OBJC_LITERAL_CONVERSION = YES;
				CLANG_WARN_OBJC_ROOT_CLASS = YES_ERROR;
				CLANG_WARN_QUOTED_INCLUDE_IN_FRAMEWORK_HEADER = YES;
				CLANG_WARN_RANGE_LOOP_ANALYSIS = YES;
				CLANG_WARN_STRICT_PROTOTYPES = YES;
				CLANG_WARN_SUSPICIOUS_MOVE = YES;
				CLANG_WARN_UNGUARDED_AVAILABILITY = YES_AGGRESSIVE;
				CLANG_WARN_UNREACHABLE_CODE = YES;
				CLANG_WARN__DUPLICATE_METHOD_MATCH = YES;
				COPY_PHASE_STRIP = NO;
				DEBUG_INFORMATION_FORMAT = dwarf;
				EMBED_ASSET_PACKS_IN_PRODUCT_BUNDLE = YES;
				ENABLE_STRICT_OBJC_MSGSEND = YES;
				ENABLE_TESTABILITY = YES;
				ENABLE_USER_SCRIPT_SANDBOXING = YES;
				GCC_C_LANGUAGE_STANDARD = gnu17;
				GCC_DYNAMIC_NO_PIC = NO;
				GCC_NO_COMMON_BLOCKS = YES;
				GCC_OPTIMIZATION_LEVEL = 0;
				GCC_PREPROCESSOR_DEFINITIONS = (
					"DEBUG=1",
					"$(inherited)",
				);
				GCC_WARN_64_TO_32_BIT_CONVERSION = YES;
				GCC_WARN_ABOUT_RETURN_TYPE = YES_ERROR;
				GCC_WARN_UNDECLARED_SELECTOR = YES;
				GCC_WARN_UNINITIALIZED_AUTOS = YES_AGGRESSIVE;
				GCC_WARN_UNUSED_FUNCTION = YES;
				GCC_WARN_UNUSED_VARIABLE = YES;
				IPHONEOS_DEPLOYMENT_TARGET = 18.4;
				LOCALIZATION_PREFERS_STRING_CATALOGS = YES;
				MTL_ENABLE_DEBUG_INFO = INCLUDE_SOURCE;
				MTL_FAST_MATH = YES;
				ONLY_ACTIVE_ARCH = YES;
				SDKROOT = iphoneos;
				SWIFT_ACTIVE_COMPILATION_CONDITIONS = "DEBUG $(inherited)";
				SWIFT_OPTIMIZATION_LEVEL = "-Onone";
			};
			name = Debug;
		};
		C80E3D202DC3CAB000FB2C9C /* Release */ = {
			isa = XCBuildConfiguration;
			buildSettings = {
				ALWAYS_SEARCH_USER_PATHS = NO;
				ASSETCATALOG_COMPILER_GENERATE_SWIFT_ASSET_SYMBOL_EXTENSIONS = YES;
				CLANG_ANALYZER_NONNULL = YES;
				CLANG_ANALYZER_NUMBER_OBJECT_CONVERSION = YES_AGGRESSIVE;
				CLANG_CXX_LANGUAGE_STANDARD = "gnu++20";
				CLANG_ENABLE_MODULES = YES;
				CLANG_ENABLE_OBJC_ARC = YES;
				CLANG_ENABLE_OBJC_WEAK = YES;
				CLANG_WARN_BLOCK_CAPTURE_AUTORELEASING = YES;
				CLANG_WARN_BOOL_CONVERSION = YES;
				CLANG_WARN_COMMA = YES;
				CLANG_WARN_CONSTANT_CONVERSION = YES;
				CLANG_WARN_DEPRECATED_OBJC_IMPLEMENTATIONS = YES;
				CLANG_WARN_DIRECT_OBJC_ISA_USAGE = YES_ERROR;
				CLANG_WARN_DOCUMENTATION_COMMENTS = YES;
				CLANG_WARN_EMPTY_BODY = YES;
				CLANG_WARN_ENUM_CONVERSION = YES;
				CLANG_WARN_INFINITE_RECURSION = YES;
				CLANG_WARN_INT_CONVERSION = YES;
				CLANG_WARN_NON_LITERAL_NULL_CONVERSION = YES;
				CLANG_WARN_OBJC_IMPLICIT_RETAIN_SELF = YES;
				CLANG_WARN_OBJC_LITERAL_CONVERSION = YES;
				CLANG_WARN_OBJC_ROOT_CLASS = YES_ERROR;
				CLANG_WARN_QUOTED_INCLUDE_IN_FRAMEWORK_HEADER = YES;
				CLANG_WARN_RANGE_LOOP_ANALYSIS = YES;
				CLANG_WARN_STRICT_PROTOTYPES = YES;
				CLANG_WARN_SUSPICIOUS_MOVE = YES;
				CLANG_WARN_UNGUARDED_AVAILABILITY = YES_AGGRESSIVE;
				CLANG_WARN_UNREACHABLE_CODE = YES;
				CLANG_WARN__DUPLICATE_METHOD_MATCH = YES;
				COPY_PHASE_STRIP = NO;
				DEBUG_INFORMATION_FORMAT = "dwarf-with-dsym";
				EMBED_ASSET_PACKS_IN_PRODUCT_BUNDLE = YES;
				ENABLE_NS_ASSERTIONS = NO;
				ENABLE_STRICT_OBJC_MSGSEND = YES;
				ENABLE_USER_SCRIPT_SANDBOXING = YES;
				GCC_C_LANGUAGE_STANDARD = gnu17;
				GCC_NO_COMMON_BLOCKS = YES;
				GCC_WARN_64_TO_32_BIT_CONVERSION = YES;
				GCC_WARN_ABOUT_RETURN_TYPE = YES_ERROR;
				GCC_WARN_UNDECLARED_SELECTOR = YES;
				GCC_WARN_UNINITIALIZED_AUTOS = YES_AGGRESSIVE;
				GCC_WARN_UNUSED_FUNCTION = YES;
				GCC_WARN_UNUSED_VARIABLE = YES;
				IPHONEOS_DEPLOYMENT_TARGET = 18.4;
				LOCALIZATION_PREFERS_STRING_CATALOGS = YES;
				MTL_ENABLE_DEBUG_INFO = NO;
				MTL_FAST_MATH = YES;
				SDKROOT = iphoneos;
				SWIFT_COMPILATION_MODE = wholemodule;
				VALIDATE_PRODUCT = YES;
			};
			name = Release;
		};
		C80E3D222DC3CAB000FB2C9C /* Debug */ = {
			isa = XCBuildConfiguration;
			buildSettings = {
				ASSETCATALOG_COMPILER_APPICON_NAME = AppIcon;
				ASSETCATALOG_COMPILER_GLOBAL_ACCENT_COLOR_NAME = AccentColor;
				CODE_SIGN_STYLE = Automatic;
				CURRENT_PROJECT_VERSION = 1;
				ENABLE_PREVIEWS = YES;
				GENERATE_INFOPLIST_FILE = YES;
				INFOPLIST_FILE = Lushy/Info.plist;
				INFOPLIST_KEY_CFBundleDisplayName = "";
				INFOPLIST_KEY_LSApplicationCategoryType = "";
				INFOPLIST_KEY_NSCameraUsageDescription = "";
				INFOPLIST_KEY_UIApplicationSceneManifest_Generation = YES;
				INFOPLIST_KEY_UIApplicationSupportsIndirectInputEvents = YES;
				INFOPLIST_KEY_UILaunchScreen_Generation = YES;
				INFOPLIST_KEY_UISupportedInterfaceOrientations_iPad = "UIInterfaceOrientationPortrait UIInterfaceOrientationPortraitUpsideDown UIInterfaceOrientationLandscapeLeft UIInterfaceOrientationLandscapeRight";
				INFOPLIST_KEY_UISupportedInterfaceOrientations_iPhone = "UIInterfaceOrientationPortrait UIInterfaceOrientationLandscapeLeft UIInterfaceOrientationLandscapeRight";
				LD_RUNPATH_SEARCH_PATHS = (
					"$(inherited)",
					"@executable_path/Frameworks",
				);
				MARKETING_VERSION = 1.0;
				PRODUCT_BUNDLE_IDENTIFIER = com.Lushy.Lushy;
				PRODUCT_NAME = "$(TARGET_NAME)";
				SWIFT_EMIT_LOC_STRINGS = YES;
				SWIFT_VERSION = 5.0;
				TARGETED_DEVICE_FAMILY = "1,2";
				OBF_SYSTEM_USER_ID = "santhosh";
				OBF_SYSTEM_PASSWORD = "kaktRBjC9q74Aip";
			};
			name = Debug;
		};
		C80E3D232DC3CAB000FB2C9C /* Release */ = {
			isa = XCBuildConfiguration;
			buildSettings = {
				ASSETCATALOG_COMPILER_APPICON_NAME = AppIcon;
				ASSETCATALOG_COMPILER_GLOBAL_ACCENT_COLOR_NAME = AccentColor;
				CODE_SIGN_STYLE = Automatic;
				CURRENT_PROJECT_VERSION = 1;
				ENABLE_PREVIEWS = YES;
				GENERATE_INFOPLIST_FILE = YES;
				INFOPLIST_FILE = Lushy/Info.plist;
				INFOPLIST_KEY_CFBundleDisplayName = "";
				INFOPLIST_KEY_LSApplicationCategoryType = "";
				INFOPLIST_KEY_NSCameraUsageDescription = "";
				INFOPLIST_KEY_UIApplicationSceneManifest_Generation = YES;
				INFOPLIST_KEY_UIApplicationSupportsIndirectInputEvents = YES;
				INFOPLIST_KEY_UILaunchScreen_Generation = YES;
				INFOPLIST_KEY_UISupportedInterfaceOrientations_iPad = "UIInterfaceOrientationPortrait UIInterfaceOrientationPortraitUpsideDown UIInterfaceOrientationLandscapeLeft UIInterfaceOrientationLandscapeRight";
				INFOPLIST_KEY_UISupportedInterfaceOrientations_iPhone = "UIInterfaceOrientationPortrait UIInterfaceOrientationLandscapeLeft UIInterfaceOrientationLandscapeRight";
				LD_RUNPATH_SEARCH_PATHS = (
					"$(inherited)",
					"@executable_path/Frameworks",
				);
				MARKETING_VERSION = 1.0;
				PRODUCT_BUNDLE_IDENTIFIER = com.Lushy.Lushy;
				PRODUCT_NAME = "$(TARGET_NAME)";
				SWIFT_EMIT_LOC_STRINGS = YES;
				SWIFT_VERSION = 5.0;
				TARGETED_DEVICE_FAMILY = "1,2";
				OBF_SYSTEM_USER_ID = "";
				OBF_SYSTEM_PASSWORD = "";
			};
			name = Release;
		};
		C80E3D252DC3CAB000FB2C9C /* Debug */ = {
			isa = XCBuildConfiguration;
			buildSettings = {
				BUNDLE_LOADER = "$(TEST_HOST)";
				CODE_SIGN_STYLE = Automatic;
				CURRENT_PROJECT_VERSION = 1;
				GENERATE_INFOPLIST_FILE = YES;
				IPHONEOS_DEPLOYMENT_TARGET = 18.4;
				MARKETING_VERSION = 1.0;
				PRODUCT_BUNDLE_IDENTIFIER = com.Lushy.LushyTests;
				PRODUCT_NAME = "$(TARGET_NAME)";
				SWIFT_EMIT_LOC_STRINGS = NO;
				SWIFT_VERSION = 5.0;
				TARGETED_DEVICE_FAMILY = "1,2";
				TEST_HOST = "$(BUILT_PRODUCTS_DIR)/Lushy.app/$(BUNDLE_EXECUTABLE_FOLDER_PATH)/Lushy";
			};
			name = Debug;
		};
		C80E3D262DC3CAB000FB2C9C /* Release */ = {
			isa = XCBuildConfiguration;
			buildSettings = {
				BUNDLE_LOADER = "$(TEST_HOST)";
				CODE_SIGN_STYLE = Automatic;
				CURRENT_PROJECT_VERSION = 1;
				GENERATE_INFOPLIST_FILE = YES;
				IPHONEOS_DEPLOYMENT_TARGET = 18.4;
				MARKETING_VERSION = 1.0;
				PRODUCT_BUNDLE_IDENTIFIER = com.Lushy.LushyTests;
				PRODUCT_NAME = "$(TARGET_NAME)";
				SWIFT_EMIT_LOC_STRINGS = NO;
				SWIFT_VERSION = 5.0;
				TARGETED_DEVICE_FAMILY = "1,2";
				TEST_HOST = "$(BUILT_PRODUCTS_DIR)/Lushy.app/$(BUNDLE_EXECUTABLE_FOLDER_PATH)/Lushy";
			};
			name = Release;
		};
		C80E3D282DC3CAB000FB2C9C /* Debug */ = {
			isa = XCBuildConfiguration;
			buildSettings = {
				CODE_SIGN_STYLE = Automatic;
				CURRENT_PROJECT_VERSION = 1;
				GENERATE_INFOPLIST_FILE = YES;
				MARKETING_VERSION = 1.0;
				PRODUCT_BUNDLE_IDENTIFIER = com.Lushy.LushyUITests;
				PRODUCT_NAME = "$(TARGET_NAME)";
				SWIFT_EMIT_LOC_STRINGS = NO;
				SWIFT_VERSION = 5.0;
				TARGETED_DEVICE_FAMILY = "1,2";
				TEST_TARGET_NAME = Lushy;
			};
			name = Debug;
		};
		C80E3D292DC3CAB000FB2C9C /* Release */ = {
			isa = XCBuildConfiguration;
			buildSettings = {
				CODE_SIGN_STYLE = Automatic;
				CURRENT_PROJECT_VERSION = 1;
				GENERATE_INFOPLIST_FILE = YES;
				MARKETING_VERSION = 1.0;
				PRODUCT_BUNDLE_IDENTIFIER = com.Lushy.LushyUITests;
				PRODUCT_NAME = "$(TARGET_NAME)";
				SWIFT_EMIT_LOC_STRINGS = NO;
				SWIFT_VERSION = 5.0;
				TARGETED_DEVICE_FAMILY = "1,2";
				TEST_TARGET_NAME = Lushy;
			};
			name = Release;
		};
/* End XCBuildConfiguration section */

/* Begin XCConfigurationList section */
		C80E3CFB2DC3CAAD00FB2C9C /* Build configuration list for PBXProject "Lushy" */ = {
			isa = XCConfigurationList;
			buildConfigurations = (
				C80E3D1F2DC3CAB000FB2C9C /* Debug */,
				C80E3D202DC3CAB000FB2C9C /* Release */,
			);
			defaultConfigurationIsVisible = 0;
			defaultConfigurationName = Release;
		};
		C80E3D212DC3CAB000FB2C9C /* Build configuration list for PBXNativeTarget "Lushy" */ = {
			isa = XCConfigurationList;
			buildConfigurations = (
				C80E3D222DC3CAB000FB2C9C /* Debug */,
				C80E3D232DC3CAB000FB2C9C /* Release */,
			);
			defaultConfigurationIsVisible = 0;
			defaultConfigurationName = Release;
		};
		C80E3D242DC3CAB000FB2C9C /* Build configuration list for PBXNativeTarget "LushyTests" */ = {
			isa = XCConfigurationList;
			buildConfigurations = (
				C80E3D252DC3CAB000FB2C9C /* Debug */,
				C80E3D262DC3CAB000FB2C9C /* Release */,
			);
			defaultConfigurationIsVisible = 0;
			defaultConfigurationName = Release;
		};
		C80E3D272DC3CAB000FB2C9C /* Build configuration list for PBXNativeTarget "LushyUITests" */ = {
			isa = XCConfigurationList;
			buildConfigurations = (
				C80E3D282DC3CAB000FB2C9C /* Debug */,
				C80E3D292DC3CAB000FB2C9C /* Release */,
			);
			defaultConfigurationIsVisible = 0;
			defaultConfigurationName = Release;
		};
/* End XCConfigurationList section */

/* Begin XCRemoteSwiftPackageReference section */
/* End XCRemoteSwiftPackageReference section */
/* Begin XCSwiftPackageProductDependency section */
/* End XCSwiftPackageProductDependency section */

/* Begin XCVersionGroup section */
		C80E3D702DC3CBD900FB2C9C /* Lushy.xcdatamodeld */ = {
			isa = XCVersionGroup;
			children = (
				C80E3D712DC3CBD900FB2C9C /* Lushy.xcdatamodel */,
			);
			currentVersion = C80E3D712DC3CBD900FB2C9C /* Lushy.xcdatamodel */;
			path = Lushy.xcdatamodeld;
			sourceTree = "<group>";
			versionGroupType = wrapper.xcdatamodel;
		};
/* End XCVersionGroup section */
	};
	rootObject = C80E3CF82DC3CAAD00FB2C9C /* Project object */;
}
